
Microsoft Visual Studio Solution File, Format Version 12.00
# Visual Studio Version 17
VisualStudioVersion = 17.7.34031.279
MinimumVisualStudioVersion = 10.0.40219.1
Project("{FAE04EC0-301F-11D3-BF4B-00C04F79EFBC}") = "WebNavigator1", "WebNavigator1\WebNavigator1.csproj", "{5FBBF678-3488-4261-83C9-0BCE4AEA9C7A}"
EndProject
Global
	GlobalSection(SolutionConfigurationPlatforms) = preSolution
		Debug|Any CPU = Debug|Any CPU
		Release|Any CPU = Release|Any CPU
	EndGlobalSection
	GlobalSection(ProjectConfigurationPlatforms) = postSolution
		{5FBBF678-3488-4261-83C9-0BCE4AEA9C7A}.Debug|Any CPU.ActiveCfg = Debug|Any CPU
		{5FBBF678-3488-4261-83C9-0BCE4AEA9C7A}.Debug|Any CPU.Build.0 = Debug|Any CPU
		{5FBBF678-3488-4261-83C9-0BCE4AEA9C7A}.Release|Any CPU.ActiveCfg = Release|Any CPU
		{5FBBF678-3488-4261-83C9-0BCE4AEA9C7A}.Release|Any CPU.Build.0 = Release|Any CPU
	EndGlobalSection
	GlobalSection(SolutionProperties) = preSolution
		HideSolutionNode = FALSE
	EndGlobalSection
	GlobalSection(ExtensibilityGlobals) = postSolution
		SolutionGuid = {C49A323F-9FF5-4BF4-AA6E-69A3D44ADBA8}
	EndGlobalSection
EndGlobal
